# THIS IS AN AUTOGENERATED FILE. DO NOT EDIT THIS FILE DIRECTLY.
# yarn lockfile v1


"@babel/runtime@^7.18.9", "@babel/runtime@^7.20.6", "@babel/runtime@^7.21.0", "@babel/runtime@^7.24.4", "@babel/runtime@^7.25.6":
  version "7.25.6"
  resolved "https://registry.npmjs.org/@babel/runtime/-/runtime-7.25.6.tgz"
  integrity sha512-VBj9MYyDb9tuLq7yzqjgzt6Q+IBQLrGZfdjOekyEirZPHxXWoTSGUTMrpsfi58Up73d13NfYLv8HT9vmznjzhQ==
  dependencies:
    regenerator-runtime "^0.14.0"

automation-events@^7.0.9:
  version "7.0.9"
  resolved "https://registry.npmjs.org/automation-events/-/automation-events-7.0.9.tgz"
  integrity sha512-BvN5ynKILdG5UoONshTQu+9W1LXXtBR//OHvAjOe1XfQ1Y4muFyApjcG71alVIyVwsJLBjbh1jqbTrU22FuZEA==
  dependencies:
    "@babel/runtime" "^7.25.6"
    tslib "^2.7.0"

broker-factory@^3.0.102, broker-factory@^3.0.75, broker-factory@^3.0.97:
  version "3.0.102"
  resolved "https://registry.npmjs.org/broker-factory/-/broker-factory-3.0.102.tgz"
  integrity sha512-nVJJRSba3otuE7PjsWvtEqdKaKScTD7P5z4EQICB93XNl9jgJXjkCGb+5f1WE4S+g1amBXVVE7vmPDPowpN2Qw==
  dependencies:
    "@babel/runtime" "^7.25.6"
    fast-unique-numbers "^9.0.9"
    tslib "^2.7.0"
    worker-factory "^7.0.29"

compilerr@^10.0.2:
  version "10.0.2"
  resolved "https://registry.npmjs.org/compilerr/-/compilerr-10.0.2.tgz"
  integrity sha512-CFwUXxJ9OuWsSvnLSbefxi+GLsZ0YnuJh40ry5QdmZ1FWK59OG+QB8XSj6t7Kq+/c5DSS7en+cML6GlzHKH58A==
  dependencies:
    "@babel/runtime" "^7.21.0"
    dashify "^2.0.0"
    indefinite-article "0.0.2"
    tslib "^2.5.0"

dashify@^2.0.0:
  version "2.0.0"
  resolved "https://registry.npmjs.org/dashify/-/dashify-2.0.0.tgz"
  integrity sha512-hpA5C/YrPjucXypHPPc0oJ1l9Hf6wWbiOL7Ik42cxnsUOhWiCB/fylKbKqqJalW9FgkNQCw16YO8uW9Hs0Iy1A==

extendable-media-recorder-wav-encoder-broker@^7.0.100, extendable-media-recorder-wav-encoder-broker@^7.0.106:
  version "7.0.106"
  resolved "https://registry.npmjs.org/extendable-media-recorder-wav-encoder-broker/-/extendable-media-recorder-wav-encoder-broker-7.0.106.tgz"
  integrity sha512-kLtXD3rebhBc/IW8IBnr0SzCBFnZWk8dWqEsPt10+PC6BlYGJ1wKvEP5/q3MW6YDBBGMmN+VYb/qOLqeOhxsIQ==
  dependencies:
    "@babel/runtime" "^7.25.6"
    broker-factory "^3.0.102"
    extendable-media-recorder-wav-encoder-worker "^8.0.103"
    tslib "^2.7.0"

extendable-media-recorder-wav-encoder-worker@^8.0.103:
  version "8.0.103"
  resolved "https://registry.npmjs.org/extendable-media-recorder-wav-encoder-worker/-/extendable-media-recorder-wav-encoder-worker-8.0.103.tgz"
  integrity sha512-p2+yUArjGQCIbqaDtDDDeC/IGDeUsRYC2twRjp/0pA3mEuXX6jVVAhm6RFSeKtxkCwjkWWJFnO1Oe0eGKt6rnA==
  dependencies:
    "@babel/runtime" "^7.25.6"
    tslib "^2.7.0"
    worker-factory "^7.0.29"

extendable-media-recorder-wav-encoder@^7.0.68:
  version "7.0.116"
  resolved "https://registry.npmjs.org/extendable-media-recorder-wav-encoder/-/extendable-media-recorder-wav-encoder-7.0.116.tgz"
  integrity sha512-lUyrKHksKfMD6XUlQ4nJNjxbHWzINzEydve2sUPOUOLfCPjpE84ONrnZfnm+XB2XlVmsxTKf1XIAxoWs81/8gg==
  dependencies:
    "@babel/runtime" "^7.25.6"
    extendable-media-recorder-wav-encoder-broker "^7.0.106"
    extendable-media-recorder-wav-encoder-worker "^8.0.103"
    tslib "^2.7.0"

extendable-media-recorder@^6.6.5:
  version "6.6.10"
  resolved "https://registry.npmjs.org/extendable-media-recorder/-/extendable-media-recorder-6.6.10.tgz"
  integrity sha512-gnSmLqDFq40ZdbGfuarnMLNqYPLCPpPr0p21V+g67wG4Pv2oCc/ga8sfsZrEM5GywEi7FcpyRm3z99JWZ/0aPw==
  dependencies:
    "@babel/runtime" "^7.18.9"
    media-encoder-host "^8.0.76"
    multi-buffer-data-view "^3.0.20"
    recorder-audio-worklet "^5.1.26"
    standardized-audio-context "^25.3.29"
    subscribable-things "^2.1.6"
    tslib "^2.4.0"

fast-unique-numbers@^7.0.2:
  version "7.0.2"
  resolved "https://registry.npmjs.org/fast-unique-numbers/-/fast-unique-numbers-7.0.2.tgz"
  integrity sha512-xnqpsnu889bHbq5cbDMwCJ2BPf6kjFPMu+RHfqKvisRxeEbTOVxY5aW/ZNsZ/r8OlwatxmjdFEVQog2xAhLkvg==
  dependencies:
    "@babel/runtime" "^7.21.0"
    tslib "^2.5.0"

fast-unique-numbers@^9.0.4, fast-unique-numbers@^9.0.9:
  version "9.0.9"
  resolved "https://registry.npmjs.org/fast-unique-numbers/-/fast-unique-numbers-9.0.9.tgz"
  integrity sha512-XVGu/UFAjpclSMX6LD/GGiyRu+weUFb8kUxP09yiDmWA1ORxiO5gpOl13ZBqjeb+gg05JA2H7d37UvbSHfW+7w==
  dependencies:
    "@babel/runtime" "^7.25.6"
    tslib "^2.7.0"

indefinite-article@0.0.2:
  version "0.0.2"
  resolved "https://registry.npmjs.org/indefinite-article/-/indefinite-article-0.0.2.tgz"
  integrity sha512-Au/2XzRkvxq2J6w5uvSSbBKPZ5kzINx5F2wb0SF8xpRL8BP9Lav81TnRbfPp6p+SYjYxwaaLn4EUwI3/MmYKSw==

media-encoder-host-broker@^7.1.0:
  version "7.1.0"
  resolved "https://registry.npmjs.org/media-encoder-host-broker/-/media-encoder-host-broker-7.1.0.tgz"
  integrity sha512-Emu3f45Wbf6AoRJxfvZ8e5nh8fRVviBfkABgYNvVUsVBgJ7+l137gn324g/JmNVQhhVQ89fjmGT1kHIJ9JG5Nw==
  dependencies:
    "@babel/runtime" "^7.24.4"
    broker-factory "^3.0.97"
    fast-unique-numbers "^9.0.4"
    media-encoder-host-worker "^9.2.0"
    tslib "^2.6.2"

media-encoder-host-worker@^9.2.0:
  version "9.2.0"
  resolved "https://registry.npmjs.org/media-encoder-host-worker/-/media-encoder-host-worker-9.2.0.tgz"
  integrity sha512-LrJJgNBDZH2y1PYBLaiYQw9uFU5i3yPvDkDxdko+L3Z4qzhKq9+4eYxKDqlwO4EdOlaiggvMpkgZl3roOniz2A==
  dependencies:
    "@babel/runtime" "^7.24.4"
    extendable-media-recorder-wav-encoder-broker "^7.0.100"
    tslib "^2.6.2"
    worker-factory "^7.0.24"

media-encoder-host@^8.0.76:
  version "8.1.0"
  resolved "https://registry.npmjs.org/media-encoder-host/-/media-encoder-host-8.1.0.tgz"
  integrity sha512-VwX3ex48ltl+K1ObGEq3IcZp/XqpNTWemd9brC9ovo89rYmCRKTZAp1FCyfAY86RdvSMrUs26lbo45DIDVyERg==
  dependencies:
    "@babel/runtime" "^7.24.4"
    media-encoder-host-broker "^7.1.0"
    media-encoder-host-worker "^9.2.0"
    tslib "^2.6.2"

multi-buffer-data-view@^3.0.20:
  version "3.0.24"
  resolved "https://registry.npmjs.org/multi-buffer-data-view/-/multi-buffer-data-view-3.0.24.tgz"
  integrity sha512-jm7Ycplx37ExXyQmqhwl7zfQmAj81y5LLzVx0XyWea4omP9W/xJhLEHs/5b+WojGyYSRt8BHiXZVcYzu68Ma0Q==
  dependencies:
    "@babel/runtime" "^7.20.6"
    tslib "^2.4.1"

react-media-recorder@^1.7.1:
  version "1.7.1"
  resolved "https://registry.npmjs.org/react-media-recorder/-/react-media-recorder-1.7.1.tgz"
  integrity sha512-OIYA4pfGR1HbRm4aB/mv2EswDSBanh+NbUyUEEeIaHVpmsF3AOr4T0te4CgIn5ijja85A/KI+JimVoiQ93dNgA==
  dependencies:
    extendable-media-recorder "^6.6.5"
    extendable-media-recorder-wav-encoder "^7.0.68"

recorder-audio-worklet-processor@^4.2.21:
  version "4.2.21"
  resolved "https://registry.npmjs.org/recorder-audio-worklet-processor/-/recorder-audio-worklet-processor-4.2.21.tgz"
  integrity sha512-oiiS2sp6eMxkvjt13yetSYUJvnAxBZk60mIxz0Vf/2lDWa/4svCyMLHIDzYKbHahkISd0UYyqLS9dI7xDlUOCA==
  dependencies:
    "@babel/runtime" "^7.21.0"
    tslib "^2.5.0"

recorder-audio-worklet@^5.1.26:
  version "5.1.39"
  resolved "https://registry.npmjs.org/recorder-audio-worklet/-/recorder-audio-worklet-5.1.39.tgz"
  integrity sha512-w/RazoBwZnkFnEPRsJYNThOHznLQC98/IzWRrutpJQVvCcL0nbLsVSLDaRrnrqVpRUI11VgiXRh30HaHiSdVhQ==
  dependencies:
    "@babel/runtime" "^7.21.0"
    broker-factory "^3.0.75"
    fast-unique-numbers "^7.0.2"
    recorder-audio-worklet-processor "^4.2.21"
    standardized-audio-context "^25.3.41"
    subscribable-things "^2.1.14"
    tslib "^2.5.0"
    worker-factory "^6.0.76"

regenerator-runtime@^0.14.0:
  version "0.14.1"

rxjs-interop@^2.0.0:
  version "2.0.0"
  resolved "https://registry.npmjs.org/rxjs-interop/-/rxjs-interop-2.0.0.tgz"
  integrity sha512-ASEq9atUw7lualXB+knvgtvwkCEvGWV2gDD/8qnASzBkzEARZck9JAyxmY8OS6Nc1pCPEgDTKNcx+YqqYfzArw==

standardized-audio-context@^25.3.29, standardized-audio-context@^25.3.41:
  version "25.3.77"
  resolved "https://registry.npmjs.org/standardized-audio-context/-/standardized-audio-context-25.3.77.tgz"
  integrity sha512-Ki9zNz6pKcC5Pi+QPjPyVsD9GwJIJWgryji0XL9cAJXMGyn+dPOf6Qik1AHei0+UNVcc4BOCa0hWLBzlwqsW/A==
  dependencies:
    "@babel/runtime" "^7.25.6"
    automation-events "^7.0.9"
    tslib "^2.7.0"

subscribable-things@^2.1.14, subscribable-things@^2.1.6:
  version "2.1.40"
  resolved "https://registry.npmjs.org/subscribable-things/-/subscribable-things-2.1.40.tgz"
  integrity sha512-nWw3aCsTsF4b1HY3vU2iweWGleLpM7hjJsmR1SFabVLcxizWo+zHDVYG/P3nEcdOkYgjCMC4vIaX7vFOrT7RGw==
  dependencies:
    "@babel/runtime" "^7.25.6"
    rxjs-interop "^2.0.0"
    tslib "^2.7.0"

tslib@^2.4.0:
  version "2.7.0"
  resolved "https://registry.npmjs.org/tslib/-/tslib-2.7.0.tgz"
  integrity sha512-gLXCKdN1/j47AiHiOkJN69hJmcbGTHI0ImLmbYLHykhgeN0jVGola9yVjFgzCUklsZQMW55o+dW7IXv3RCXDzA==

tslib@^2.4.1:
  version "2.7.0"
  resolved "https://registry.npmjs.org/tslib/-/tslib-2.7.0.tgz"
  integrity sha512-gLXCKdN1/j47AiHiOkJN69hJmcbGTHI0ImLmbYLHykhgeN0jVGola9yVjFgzCUklsZQMW55o+dW7IXv3RCXDzA==

tslib@^2.5.0:
  version "2.7.0"
  resolved "https://registry.npmjs.org/tslib/-/tslib-2.7.0.tgz"
  integrity sha512-gLXCKdN1/j47AiHiOkJN69hJmcbGTHI0ImLmbYLHykhgeN0jVGola9yVjFgzCUklsZQMW55o+dW7IXv3RCXDzA==

tslib@^2.6.2:
  version "2.7.0"
  resolved "https://registry.npmjs.org/tslib/-/tslib-2.7.0.tgz"
  integrity sha512-gLXCKdN1/j47AiHiOkJN69hJmcbGTHI0ImLmbYLHykhgeN0jVGola9yVjFgzCUklsZQMW55o+dW7IXv3RCXDzA==

tslib@^2.7.0:
  version "2.7.0"
  resolved "https://registry.npmjs.org/tslib/-/tslib-2.7.0.tgz"
  integrity sha512-gLXCKdN1/j47AiHiOkJN69hJmcbGTHI0ImLmbYLHykhgeN0jVGola9yVjFgzCUklsZQMW55o+dW7IXv3RCXDzA==

worker-factory@^6.0.76:
  version "6.0.76"
  resolved "https://registry.npmjs.org/worker-factory/-/worker-factory-6.0.76.tgz"
  integrity sha512-W1iBNPmE9p0asU4aFmYJYCnMxhkvk4qlKc660GlHxWgmflY64NxxTbmKqipu4K5p9LiKKPjqXfcQme6153BZEQ==
  dependencies:
    "@babel/runtime" "^7.21.0"
    compilerr "^10.0.2"
    fast-unique-numbers "^7.0.2"
    tslib "^2.5.0"

worker-factory@^7.0.24, worker-factory@^7.0.29:
  version "7.0.29"
  resolved "https://registry.npmjs.org/worker-factory/-/worker-factory-7.0.29.tgz"
  integrity sha512-Nuv/6/Nr70aeBKtiukggJp+o+ewGvgqfjdlJjzlrSi7faPh+5kJ3hFyP3Px5/oEeTUt2ZZ/hgYg1jJFRXi4hAw==
  dependencies:
    "@babel/runtime" "^7.25.6"
    fast-unique-numbers "^9.0.9"
    tslib "^2.7.0"
